
Microsoft Visual Studio Solution File, Format Version 12.00
# Visual Studio Version 17
VisualStudioVersion = 17.8.34525.116
MinimumVisualStudioVersion = 10.0.40219.1
Project("{9A19103F-16F7-4668-BE54-9A1E7A4F7556}") = "UserApp.API.Service", "UserApp.API.Service\UserApp.API.Service.csproj", "{32097191-897B-4C1D-BB47-810B6780CF62}"
EndProject
Project("{2150E333-8FDC-42A3-9474-1A3956D46DE8}") = "2 - WEB BLAZOR", "2 - WEB BLAZOR", "{191F1005-3DCB-4266-AF3E-DA30C5D3F154}"
EndProject
Project("{2150E333-8FDC-42A3-9474-1A3956D46DE8}") = "3 - API ASP.NET", "3 - API ASP.NET", "{3EA48C2F-AA57-4F77-B6EA-B5FF454409CE}"
EndProject
Project("{2150E333-8FDC-42A3-9474-1A3956D46DE8}") = "3.1 - Presentation", "3.1 - Presentation", "{091CE7A7-FCEC-4F5D-8519-FF0C2C64E2E2}"
EndProject
Project("{2150E333-8FDC-42A3-9474-1A3956D46DE8}") = "3.3 - Domain", "3.3 - Domain", "{40575AE6-C32F-492F-B830-73C3060E8EBD}"
EndProject
Project("{2150E333-8FDC-42A3-9474-1A3956D46DE8}") = "3.2 - Application", "3.2 - Application", "{5A790BD5-38BA-4DF8-A73B-2ED9785D7F48}"
EndProject
Project("{2150E333-8FDC-42A3-9474-1A3956D46DE8}") = "3.4 - InfraStructure", "3.4 - InfraStructure", "{00840B5D-FD83-41DE-86AC-394DEC982DB9}"
EndProject
Project("{2150E333-8FDC-42A3-9474-1A3956D46DE8}") = "3.5 Tests", "3.5 Tests", "{428EAF7A-DA48-46C5-B289-08978477E1D3}"
EndProject
Project("{2150E333-8FDC-42A3-9474-1A3956D46DE8}") = "1 - APP NET MAUI", "1 - APP NET MAUI", "{7785A3AF-0813-43FB-B2D4-C1E8A2886C52}"
EndProject
Project("{9A19103F-16F7-4668-BE54-9A1E7A4F7556}") = "UserApp.API.Domain", "UserApp.API.Domain\UserApp.API.Domain.csproj", "{C920EEA6-0D4E-45C8-8699-2C9F368E101D}"
EndProject
Project("{9A19103F-16F7-4668-BE54-9A1E7A4F7556}") = "UserApp.API.Infra.Data", "UserApp.API.Infra.Data\UserApp.API.Infra.Data.csproj", "{8CC02E59-CAC2-45D1-BDF4-97CF6A9C47BA}"
EndProject
Project("{FAE04EC0-301F-11D3-BF4B-00C04F79EFBC}") = "UserApp.API.Tests", "UserApp.API.Tests\UserApp.API.Tests.csproj", "{F1E85F74-103E-46E0-A8C2-EE269FB65BD6}"
EndProject
Global
	GlobalSection(SolutionConfigurationPlatforms) = preSolution
		Debug|Any CPU = Debug|Any CPU
		Release|Any CPU = Release|Any CPU
	EndGlobalSection
	GlobalSection(ProjectConfigurationPlatforms) = postSolution
		{32097191-897B-4C1D-BB47-810B6780CF62}.Debug|Any CPU.ActiveCfg = Debug|Any CPU
		{32097191-897B-4C1D-BB47-810B6780CF62}.Debug|Any CPU.Build.0 = Debug|Any CPU
		{32097191-897B-4C1D-BB47-810B6780CF62}.Release|Any CPU.ActiveCfg = Release|Any CPU
		{32097191-897B-4C1D-BB47-810B6780CF62}.Release|Any CPU.Build.0 = Release|Any CPU
		{C920EEA6-0D4E-45C8-8699-2C9F368E101D}.Debug|Any CPU.ActiveCfg = Debug|Any CPU
		{C920EEA6-0D4E-45C8-8699-2C9F368E101D}.Debug|Any CPU.Build.0 = Debug|Any CPU
		{C920EEA6-0D4E-45C8-8699-2C9F368E101D}.Release|Any CPU.ActiveCfg = Release|Any CPU
		{C920EEA6-0D4E-45C8-8699-2C9F368E101D}.Release|Any CPU.Build.0 = Release|Any CPU
		{8CC02E59-CAC2-45D1-BDF4-97CF6A9C47BA}.Debug|Any CPU.ActiveCfg = Debug|Any CPU
		{8CC02E59-CAC2-45D1-BDF4-97CF6A9C47BA}.Debug|Any CPU.Build.0 = Debug|Any CPU
		{8CC02E59-CAC2-45D1-BDF4-97CF6A9C47BA}.Release|Any CPU.ActiveCfg = Release|Any CPU
		{8CC02E59-CAC2-45D1-BDF4-97CF6A9C47BA}.Release|Any CPU.Build.0 = Release|Any CPU
		{F1E85F74-103E-46E0-A8C2-EE269FB65BD6}.Debug|Any CPU.ActiveCfg = Debug|Any CPU
		{F1E85F74-103E-46E0-A8C2-EE269FB65BD6}.Debug|Any CPU.Build.0 = Debug|Any CPU
		{F1E85F74-103E-46E0-A8C2-EE269FB65BD6}.Release|Any CPU.ActiveCfg = Release|Any CPU
		{F1E85F74-103E-46E0-A8C2-EE269FB65BD6}.Release|Any CPU.Build.0 = Release|Any CPU
	EndGlobalSection
	GlobalSection(SolutionProperties) = preSolution
		HideSolutionNode = FALSE
	EndGlobalSection
	GlobalSection(NestedProjects) = preSolution
		{32097191-897B-4C1D-BB47-810B6780CF62} = {091CE7A7-FCEC-4F5D-8519-FF0C2C64E2E2}
		{091CE7A7-FCEC-4F5D-8519-FF0C2C64E2E2} = {3EA48C2F-AA57-4F77-B6EA-B5FF454409CE}
		{40575AE6-C32F-492F-B830-73C3060E8EBD} = {3EA48C2F-AA57-4F77-B6EA-B5FF454409CE}
		{5A790BD5-38BA-4DF8-A73B-2ED9785D7F48} = {3EA48C2F-AA57-4F77-B6EA-B5FF454409CE}
		{00840B5D-FD83-41DE-86AC-394DEC982DB9} = {3EA48C2F-AA57-4F77-B6EA-B5FF454409CE}
		{428EAF7A-DA48-46C5-B289-08978477E1D3} = {3EA48C2F-AA57-4F77-B6EA-B5FF454409CE}
		{C920EEA6-0D4E-45C8-8699-2C9F368E101D} = {40575AE6-C32F-492F-B830-73C3060E8EBD}
		{8CC02E59-CAC2-45D1-BDF4-97CF6A9C47BA} = {00840B5D-FD83-41DE-86AC-394DEC982DB9}
		{F1E85F74-103E-46E0-A8C2-EE269FB65BD6} = {428EAF7A-DA48-46C5-B289-08978477E1D3}
	EndGlobalSection
	GlobalSection(ExtensibilityGlobals) = postSolution
		SolutionGuid = {E70F9B90-649F-4221-A978-6ABFD64D66BE}
	EndGlobalSection
EndGlobal
